{
  "name": "node_1",
  "lockfileVersion": 3,
  "requires": true,
  "packages": {
    "": {
      "dependencies": {
        "@alena_ne/node_1_pack": "^1.0.0"
      }
    },
    "node_modules/@alena_ne/node_1_pack": {
      "version": "1.0.0",
      "resolved": "https://registry.npmjs.org/@alena_ne/node_1_pack/-/node_1_pack-1.0.0.tgz",
      "integrity": "sha512-IKV4kPUUIEL+uuyRj+1uIc91oiasJnpLVaVxM3RjSgXMjR56FYRAh1q0i6MZUbEz0EK1vOl3WfCL7AkicCc4uw=="
    }
  }
}
